github.com/Lukaesebrot/dgc v1.0.6/go.mod h1:XfECwJWOPqx4GzRs+BZS/YF/Cy9NRiReesffMHWvHSY=
github.com/bwmarrin/discordgo v0.20.3/go.mod h1:O9S4p+ofTFwB02em7jkpkV8M3R0/PUVOwN61zSZ0r4Q=
github.com/bwmarrin/discordgo v0.27.1 h1:ib9AIc/dom1E/fSIulrBwnez0CToJE113ZGt4HoliGY=
github.com/bwmarrin/discordgo v0.27.1/go.mod h1:NJZpH+1AfhIcyQsPeuBKsUtYrRnjkyu0kIVMCHkZtRY=
github.com/fwew/fwew-lib/v5 v5.14.1 h1:oPKtze0Z8vlWhLR0jSu9+frR/vFTUGBv4UQtG7aXtkI=
github.com/fwew/fwew-lib/v5 v5.14.1/go.mod h1:QHtBMZloJE+sVrdpWQgdAS8qgNDJ/2Rx5gXbHw+qSm4=
github.com/gorilla/websocket v1.4.0/go.mod h1:E7qHFY5m1UJ88s3WnNqhKjPHQ0heANvMoAMk2YaljkQ=
github.com/gorilla/websocket v1.4.2/go.mod h1:YR8l580nyteQvAITg2hZ9XVh4b55+EU/adAjf1fMHhE=
github.com/gorilla/websocket v1.5.1 h1:gmztn0JnHVt9JZquRuzLw3g4wouNVzKL15iLr/zn/QY=
github.com/gorilla/websocket v1.5.1/go.mod h1:x3kM2JMyaluk02fnUJpQuwD2dCS5NDG2ZHL0uE0tcaY=
github.com/karrick/tparse/v2 v2.8.1 h1:KmuwSutle9SVDQceHWr1IixyMZ0RSctDP/OB+OhqMNs=
github.com/karrick/tparse/v2 v2.8.1/go.mod h1:OzmKMqNal7LYYHaO/Ie1f/wXmLWAaGKwJmxUFNQCVxg=
github.com/knoxfighter/dgc v0.0.0-20201030020537-397f394c484d h1:UAR/lsi+Ib4v+0lLNX8tUhNltO/FIebqRD9Xkn6mPcg=
github.com/knoxfighter/dgc v0.0.0-20201030020537-397f394c484d/go.mod h1:6PfvhP7FwM16I+wx7MKSh/BNYhG725YtKC5rqydxPmE=
github.com/zekroTJA/timedmap v0.0.0-20200518230343-de9b879d109a h1:S8UfZYz3TbkwO8bZ1UE3miiEjh/KSi4tZYwX1A/omC4=
github.com/zekroTJA/timedmap v0.0.0-20200518230343-de9b879d109a/go.mod h1:ktlw5aYhoXQvOvWFL9SzltGXn1bQgJXxZzHJK4wQvsI=
golang.org/x/crypto v0.0.0-20181030102418-4d3f4d9ffa16/go.mod h1:6SG95UA2DQfeDnfUPMdvaQW0Q7yPrPDi9nlGo2tz2b4=
golang.org/x/crypto v0.0.0-20210421170649-83a5a9bb288b/go.mod h1:T9bdIzuCu7OtxOm1hfPfRQxPLYneinmdGuTeoZ9dtd4=
golang.org/x/crypto v0.21.0 h1:X31++rzVUdKhX5sWmSOFZxx8UW/ldWx55cbf08iNAMA=
golang.org/x/crypto v0.21.0/go.mod h1:0BP7YvVV9gBbVKyeTG0Gyn+gZm94bibOW5BjDEYAOMs=
golang.org/x/net v0.0.0-20210226172049-e18ecbb05110/go.mod h1:m0MpNAwzfU5UDzcl9v0D8zg8gWTRqZa9RBIspLL5mdg=
golang.org/x/net v0.23.0 h1:7EYJ93RZ9vYSZAIb2x3lnuvqO5zneoD6IvWjuhfxjTs=
golang.org/x/net v0.23.0/go.mod h1:JKghWKKOSdJwpW2GEx0Ja7fmaKnMsbu+MWVZTokSYmg=
golang.org/x/sys v0.0.0-20201119102817-f84b799fce68/go.mod h1:h1NjWce9XRLGQEsW7wpKNCjG9DtNlClVuFLEZdDNbEs=
golang.org/x/sys v0.18.0 h1:DBdB3niSjOA/O0blCZBqDefyWNYveAYMNF1Wum0DYQ4=
golang.org/x/sys v0.18.0/go.mod h1:/VUhepiaJMQUp4+oa/7Zr1D23ma6VTLIYjOOTFZPUcA=
golang.org/x/term v0.0.0-20201126162022-7de9c90e9dd1/go.mod h1:bj7SfCRtBDWHUb9snDiAeCFNEtKQo2Wmx5Cou7ajbmo=
golang.org/x/text v0.3.3/go.mod h1:5Zoc/QRtKVWzQhOtBMvqHzDpF6irO9z98xDceosuGiQ=
golang.org/x/tools v0.0.0-20180917221912-90fa682c2a6e/go.mod h1:n7NCudcB/nEzxVGmLbDWY5pfWTLqBcC2KZ6jyYvM4mQ=
